
Microsoft Visual Studio Solution File, Format Version 12.00
# Visual Studio Version 17
VisualStudioVersion = 17.9.34714.143
MinimumVisualStudioVersion = 10.0.40219.1
Project("{FAE04EC0-301F-11D3-BF4B-00C04F79EFBC}") = "Transactions", "Transactions.csproj", "{B1B2E50E-0067-485B-A775-B3CD70C89405}"
EndProject
Project("{FAE04EC0-301F-11D3-BF4B-00C04F79EFBC}") = "SecretKeyGenerator", "..\SecretKeyGenerator\SecretKeyGenerator.csproj", "{85B448C5-581B-47E8-B039-407B2B6FCF64}"
EndProject
Global
	GlobalSection(SolutionConfigurationPlatforms) = preSolution
		Debug|Any CPU = Debug|Any CPU
		Release|Any CPU = Release|Any CPU
	EndGlobalSection
	GlobalSection(ProjectConfigurationPlatforms) = postSolution
		{B1B2E50E-0067-485B-A775-B3CD70C89405}.Debug|Any CPU.ActiveCfg = Debug|Any CPU
		{B1B2E50E-0067-485B-A775-B3CD70C89405}.Debug|Any CPU.Build.0 = Debug|Any CPU
		{B1B2E50E-0067-485B-A775-B3CD70C89405}.Release|Any CPU.ActiveCfg = Release|Any CPU
		{B1B2E50E-0067-485B-A775-B3CD70C89405}.Release|Any CPU.Build.0 = Release|Any CPU
		{85B448C5-581B-47E8-B039-407B2B6FCF64}.Debug|Any CPU.ActiveCfg = Debug|Any CPU
		{85B448C5-581B-47E8-B039-407B2B6FCF64}.Debug|Any CPU.Build.0 = Debug|Any CPU
		{85B448C5-581B-47E8-B039-407B2B6FCF64}.Release|Any CPU.ActiveCfg = Release|Any CPU
		{85B448C5-581B-47E8-B039-407B2B6FCF64}.Release|Any CPU.Build.0 = Release|Any CPU
	EndGlobalSection
	GlobalSection(SolutionProperties) = preSolution
		HideSolutionNode = FALSE
	EndGlobalSection
	GlobalSection(ExtensibilityGlobals) = postSolution
		SolutionGuid = {25A2AE90-5C08-41DC-BAC6-70063C13614D}
	EndGlobalSection
EndGlobal
